
Microsoft Visual Studio Solution File, Format Version 11.00
# Visual Studio 2010
Project("{FAE04EC0-301F-11D3-BF4B-00C04F79EFBC}") = "iOSHelpers", "iOSHelpers\iOSHelpers.csproj", "{4483B8BC-4226-4F9A-9418-4E554BF5EF1D}"
EndProject
Project("{FAE04EC0-301F-11D3-BF4B-00C04F79EFBC}") = "Samples", "Samples\Samples.csproj", "{92445604-E0AE-4ECE-BDF9-0373303A3A6D}"
EndProject
Global
	GlobalSection(SolutionConfigurationPlatforms) = preSolution
		Debug|Any CPU = Debug|Any CPU
		Release|Any CPU = Release|Any CPU
		Debug|iPhoneSimulator = Debug|iPhoneSimulator
		Release|iPhoneSimulator = Release|iPhoneSimulator
		Debug|iPhone = Debug|iPhone
		Release|iPhone = Release|iPhone
		Ad-Hoc|iPhone = Ad-Hoc|iPhone
		AppStore|iPhone = AppStore|iPhone
	EndGlobalSection
	GlobalSection(ProjectConfigurationPlatforms) = postSolution
		{4483B8BC-4226-4F9A-9418-4E554BF5EF1D}.Ad-Hoc|iPhone.ActiveCfg = Debug|Any CPU
		{4483B8BC-4226-4F9A-9418-4E554BF5EF1D}.Ad-Hoc|iPhone.Build.0 = Debug|Any CPU
		{4483B8BC-4226-4F9A-9418-4E554BF5EF1D}.AppStore|iPhone.ActiveCfg = Debug|Any CPU
		{4483B8BC-4226-4F9A-9418-4E554BF5EF1D}.AppStore|iPhone.Build.0 = Debug|Any CPU
		{4483B8BC-4226-4F9A-9418-4E554BF5EF1D}.Debug|Any CPU.ActiveCfg = Debug|Any CPU
		{4483B8BC-4226-4F9A-9418-4E554BF5EF1D}.Debug|Any CPU.Build.0 = Debug|Any CPU
		{4483B8BC-4226-4F9A-9418-4E554BF5EF1D}.Debug|iPhone.ActiveCfg = Debug|Any CPU
		{4483B8BC-4226-4F9A-9418-4E554BF5EF1D}.Debug|iPhone.Build.0 = Debug|Any CPU
		{4483B8BC-4226-4F9A-9418-4E554BF5EF1D}.Debug|iPhoneSimulator.ActiveCfg = Debug|Any CPU
		{4483B8BC-4226-4F9A-9418-4E554BF5EF1D}.Debug|iPhoneSimulator.Build.0 = Debug|Any CPU
		{4483B8BC-4226-4F9A-9418-4E554BF5EF1D}.Release|Any CPU.ActiveCfg = Release|Any CPU
		{4483B8BC-4226-4F9A-9418-4E554BF5EF1D}.Release|Any CPU.Build.0 = Release|Any CPU
		{4483B8BC-4226-4F9A-9418-4E554BF5EF1D}.Release|iPhone.ActiveCfg = Release|Any CPU
		{4483B8BC-4226-4F9A-9418-4E554BF5EF1D}.Release|iPhone.Build.0 = Release|Any CPU
		{4483B8BC-4226-4F9A-9418-4E554BF5EF1D}.Release|iPhoneSimulator.ActiveCfg = Release|Any CPU
		{4483B8BC-4226-4F9A-9418-4E554BF5EF1D}.Release|iPhoneSimulator.Build.0 = Release|Any CPU
		{92445604-E0AE-4ECE-BDF9-0373303A3A6D}.Ad-Hoc|iPhone.ActiveCfg = Ad-Hoc|iPhone
		{92445604-E0AE-4ECE-BDF9-0373303A3A6D}.Ad-Hoc|iPhone.Build.0 = Ad-Hoc|iPhone
		{92445604-E0AE-4ECE-BDF9-0373303A3A6D}.AppStore|iPhone.ActiveCfg = AppStore|iPhone
		{92445604-E0AE-4ECE-BDF9-0373303A3A6D}.AppStore|iPhone.Build.0 = AppStore|iPhone
		{92445604-E0AE-4ECE-BDF9-0373303A3A6D}.Debug|Any CPU.ActiveCfg = Debug|iPhoneSimulator
		{92445604-E0AE-4ECE-BDF9-0373303A3A6D}.Debug|Any CPU.Build.0 = Debug|iPhoneSimulator
		{92445604-E0AE-4ECE-BDF9-0373303A3A6D}.Debug|iPhone.ActiveCfg = Debug|iPhone
		{92445604-E0AE-4ECE-BDF9-0373303A3A6D}.Debug|iPhone.Build.0 = Debug|iPhone
		{92445604-E0AE-4ECE-BDF9-0373303A3A6D}.Debug|iPhoneSimulator.ActiveCfg = Debug|iPhoneSimulator
		{92445604-E0AE-4ECE-BDF9-0373303A3A6D}.Debug|iPhoneSimulator.Build.0 = Debug|iPhoneSimulator
		{92445604-E0AE-4ECE-BDF9-0373303A3A6D}.Release|Any CPU.ActiveCfg = Release|iPhoneSimulator
		{92445604-E0AE-4ECE-BDF9-0373303A3A6D}.Release|Any CPU.Build.0 = Release|iPhoneSimulator
		{92445604-E0AE-4ECE-BDF9-0373303A3A6D}.Release|iPhone.ActiveCfg = Release|iPhone
		{92445604-E0AE-4ECE-BDF9-0373303A3A6D}.Release|iPhone.Build.0 = Release|iPhone
		{92445604-E0AE-4ECE-BDF9-0373303A3A6D}.Release|iPhoneSimulator.ActiveCfg = Release|iPhoneSimulator
		{92445604-E0AE-4ECE-BDF9-0373303A3A6D}.Release|iPhoneSimulator.Build.0 = Release|iPhoneSimulator
	EndGlobalSection
	GlobalSection(MonoDevelopProperties) = preSolution
		StartupItem = Samples\Samples.csproj
	EndGlobalSection
EndGlobal
